
Microsoft Visual Studio Solution File, Format Version 12.00
# Visual Studio Version 16
VisualStudioVersion = 16.0.31129.286
MinimumVisualStudioVersion = 10.0.40219.1
Project("{8BC9CEB8-8B4A-11D0-8D11-00A0C91BC942}") = "HD_phj_210406_1", "HD_phj_210406_1\HD_phj_210406_1.vcxproj", "{073DC330-9327-47E4-A67F-F6942F5B2E7A}"
EndProject
Global
	GlobalSection(SolutionConfigurationPlatforms) = preSolution
		Debug|x64 = Debug|x64
		Debug|x86 = Debug|x86
		Release|x64 = Release|x64
		Release|x86 = Release|x86
	EndGlobalSection
	GlobalSection(ProjectConfigurationPlatforms) = postSolution
		{073DC330-9327-47E4-A67F-F6942F5B2E7A}.Debug|x64.ActiveCfg = Debug|x64
		{073DC330-9327-47E4-A67F-F6942F5B2E7A}.Debug|x64.Build.0 = Debug|x64
		{073DC330-9327-47E4-A67F-F6942F5B2E7A}.Debug|x86.ActiveCfg = Debug|Win32
		{073DC330-9327-47E4-A67F-F6942F5B2E7A}.Debug|x86.Build.0 = Debug|Win32
		{073DC330-9327-47E4-A67F-F6942F5B2E7A}.Release|x64.ActiveCfg = Release|x64
		{073DC330-9327-47E4-A67F-F6942F5B2E7A}.Release|x64.Build.0 = Release|x64
		{073DC330-9327-47E4-A67F-F6942F5B2E7A}.Release|x86.ActiveCfg = Release|Win32
		{073DC330-9327-47E4-A67F-F6942F5B2E7A}.Release|x86.Build.0 = Release|Win32
	EndGlobalSection
	GlobalSection(SolutionProperties) = preSolution
		HideSolutionNode = FALSE
	EndGlobalSection
	GlobalSection(ExtensibilityGlobals) = postSolution
		SolutionGuid = {5176B2FF-E989-49B2-8C0D-08DE0C1602C5}
	EndGlobalSection
EndGlobal
